
Microsoft Visual Studio Solution File, Format Version 12.00
# Visual Studio Version 17
VisualStudioVersion = 17.14.36603.0
MinimumVisualStudioVersion = 10.0.40219.1
Project("{2150E333-8FDC-42A3-9474-1A3956D46DE8}") = "Bootstrapper", "Bootstrapper", "{02EA681E-C7D8-13C7-8484-4AC65E1B71E8}"
EndProject
Project("{2150E333-8FDC-42A3-9474-1A3956D46DE8}") = "Modules", "Modules", "{71E546CC-6E63-4F5F-9807-DCB1EE7380EF}"
EndProject
Project("{2150E333-8FDC-42A3-9474-1A3956D46DE8}") = "Shared", "Shared", "{49BA1CBF-29B3-41C8-B1E7-F4EA7EBF2D1A}"
EndProject
Project("{FAE04EC0-301F-11D3-BF4B-00C04F79EFBC}") = "Api", "Bootstrapper\Api\Api.csproj", "{0AB9C100-4E80-4A03-BA05-FFB14E9B3C6D}"
EndProject
Project("{2150E333-8FDC-42A3-9474-1A3956D46DE8}") = "Catalog", "Catalog", "{C01ABB47-0837-4690-A58F-23B12E044E2A}"
EndProject
Project("{2150E333-8FDC-42A3-9474-1A3956D46DE8}") = "Basket", "Basket", "{1A63C925-2D7E-467D-AE47-08B77BE3357C}"
EndProject
Project("{2150E333-8FDC-42A3-9474-1A3956D46DE8}") = "Ordering", "Ordering", "{8F38615F-01AF-4BD6-A6DF-21C6A9D31623}"
EndProject
Project("{FAE04EC0-301F-11D3-BF4B-00C04F79EFBC}") = "Catalog", "Modules\Catalog\Catalog\Catalog.csproj", "{79E882FF-C90B-446E-808C-856BAB592043}"
EndProject
Project("{FAE04EC0-301F-11D3-BF4B-00C04F79EFBC}") = "Basket", "Modules\Basket\Basket\Basket.csproj", "{C4FD7E76-E4E5-4661-98B6-BC59699763BE}"
EndProject
Project("{FAE04EC0-301F-11D3-BF4B-00C04F79EFBC}") = "Ordering", "Models\Ordering\Ordering\Ordering.csproj", "{68620D6F-3A4C-4F1D-90E9-570EE8D8E5DF}"
EndProject
Project("{FAE04EC0-301F-11D3-BF4B-00C04F79EFBC}") = "Shared", "Shared\Shared\Shared.csproj", "{8F8077FC-9966-4332-A70D-C5F5216FCD00}"
EndProject
Project("{E53339B2-1760-4266-BCC7-CA923CBCF16C}") = "docker-compose", "docker-compose.dcproj", "{81DDED9D-158B-E303-5F62-77A2896D2A5A}"
EndProject
Global
	GlobalSection(SolutionConfigurationPlatforms) = preSolution
		Debug|Any CPU = Debug|Any CPU
		Release|Any CPU = Release|Any CPU
	EndGlobalSection
	GlobalSection(ProjectConfigurationPlatforms) = postSolution
		{0AB9C100-4E80-4A03-BA05-FFB14E9B3C6D}.Debug|Any CPU.ActiveCfg = Debug|Any CPU
		{0AB9C100-4E80-4A03-BA05-FFB14E9B3C6D}.Debug|Any CPU.Build.0 = Debug|Any CPU
		{0AB9C100-4E80-4A03-BA05-FFB14E9B3C6D}.Release|Any CPU.ActiveCfg = Release|Any CPU
		{0AB9C100-4E80-4A03-BA05-FFB14E9B3C6D}.Release|Any CPU.Build.0 = Release|Any CPU
		{79E882FF-C90B-446E-808C-856BAB592043}.Debug|Any CPU.ActiveCfg = Debug|Any CPU
		{79E882FF-C90B-446E-808C-856BAB592043}.Debug|Any CPU.Build.0 = Debug|Any CPU
		{79E882FF-C90B-446E-808C-856BAB592043}.Release|Any CPU.ActiveCfg = Release|Any CPU
		{79E882FF-C90B-446E-808C-856BAB592043}.Release|Any CPU.Build.0 = Release|Any CPU
		{C4FD7E76-E4E5-4661-98B6-BC59699763BE}.Debug|Any CPU.ActiveCfg = Debug|Any CPU
		{C4FD7E76-E4E5-4661-98B6-BC59699763BE}.Debug|Any CPU.Build.0 = Debug|Any CPU
		{C4FD7E76-E4E5-4661-98B6-BC59699763BE}.Release|Any CPU.ActiveCfg = Release|Any CPU
		{C4FD7E76-E4E5-4661-98B6-BC59699763BE}.Release|Any CPU.Build.0 = Release|Any CPU
		{68620D6F-3A4C-4F1D-90E9-570EE8D8E5DF}.Debug|Any CPU.ActiveCfg = Debug|Any CPU
		{68620D6F-3A4C-4F1D-90E9-570EE8D8E5DF}.Debug|Any CPU.Build.0 = Debug|Any CPU
		{68620D6F-3A4C-4F1D-90E9-570EE8D8E5DF}.Release|Any CPU.ActiveCfg = Release|Any CPU
		{68620D6F-3A4C-4F1D-90E9-570EE8D8E5DF}.Release|Any CPU.Build.0 = Release|Any CPU
		{8F8077FC-9966-4332-A70D-C5F5216FCD00}.Debug|Any CPU.ActiveCfg = Debug|Any CPU
		{8F8077FC-9966-4332-A70D-C5F5216FCD00}.Debug|Any CPU.Build.0 = Debug|Any CPU
		{8F8077FC-9966-4332-A70D-C5F5216FCD00}.Release|Any CPU.ActiveCfg = Release|Any CPU
		{8F8077FC-9966-4332-A70D-C5F5216FCD00}.Release|Any CPU.Build.0 = Release|Any CPU
		{81DDED9D-158B-E303-5F62-77A2896D2A5A}.Debug|Any CPU.ActiveCfg = Debug|Any CPU
		{81DDED9D-158B-E303-5F62-77A2896D2A5A}.Debug|Any CPU.Build.0 = Debug|Any CPU
		{81DDED9D-158B-E303-5F62-77A2896D2A5A}.Release|Any CPU.ActiveCfg = Release|Any CPU
		{81DDED9D-158B-E303-5F62-77A2896D2A5A}.Release|Any CPU.Build.0 = Release|Any CPU
	EndGlobalSection
	GlobalSection(SolutionProperties) = preSolution
		HideSolutionNode = FALSE
	EndGlobalSection
	GlobalSection(NestedProjects) = preSolution
		{0AB9C100-4E80-4A03-BA05-FFB14E9B3C6D} = {02EA681E-C7D8-13C7-8484-4AC65E1B71E8}
		{C01ABB47-0837-4690-A58F-23B12E044E2A} = {71E546CC-6E63-4F5F-9807-DCB1EE7380EF}
		{1A63C925-2D7E-467D-AE47-08B77BE3357C} = {71E546CC-6E63-4F5F-9807-DCB1EE7380EF}
		{8F38615F-01AF-4BD6-A6DF-21C6A9D31623} = {71E546CC-6E63-4F5F-9807-DCB1EE7380EF}
		{79E882FF-C90B-446E-808C-856BAB592043} = {C01ABB47-0837-4690-A58F-23B12E044E2A}
		{C4FD7E76-E4E5-4661-98B6-BC59699763BE} = {1A63C925-2D7E-467D-AE47-08B77BE3357C}
		{68620D6F-3A4C-4F1D-90E9-570EE8D8E5DF} = {8F38615F-01AF-4BD6-A6DF-21C6A9D31623}
		{8F8077FC-9966-4332-A70D-C5F5216FCD00} = {49BA1CBF-29B3-41C8-B1E7-F4EA7EBF2D1A}
	EndGlobalSection
	GlobalSection(ExtensibilityGlobals) = postSolution
		SolutionGuid = {966324EC-97F0-4A40-9AE7-4666618031AB}
	EndGlobalSection
EndGlobal
